
Microsoft Visual Studio Solution File, Format Version 12.00
# Visual Studio Version 17
VisualStudioVersion = 17.5.33530.505
MinimumVisualStudioVersion = 10.0.40219.1
Project("{FAE04EC0-301F-11D3-BF4B-00C04F79EFBC}") = "CoolEvents_GraduationProject", "CoolEvents_GraduationProject\CoolEvents_GraduationProject.csproj", "{7B9FF626-CAAC-4C7D-8057-E9057D6BF94C}"
EndProject
Global
	GlobalSection(SolutionConfigurationPlatforms) = preSolution
		Debug|Any CPU = Debug|Any CPU
		Release|Any CPU = Release|Any CPU
	EndGlobalSection
	GlobalSection(ProjectConfigurationPlatforms) = postSolution
		{7B9FF626-CAAC-4C7D-8057-E9057D6BF94C}.Debug|Any CPU.ActiveCfg = Debug|Any CPU
		{7B9FF626-CAAC-4C7D-8057-E9057D6BF94C}.Debug|Any CPU.Build.0 = Debug|Any CPU
		{7B9FF626-CAAC-4C7D-8057-E9057D6BF94C}.Release|Any CPU.ActiveCfg = Release|Any CPU
		{7B9FF626-CAAC-4C7D-8057-E9057D6BF94C}.Release|Any CPU.Build.0 = Release|Any CPU
	EndGlobalSection
	GlobalSection(SolutionProperties) = preSolution
		HideSolutionNode = FALSE
	EndGlobalSection
	GlobalSection(ExtensibilityGlobals) = postSolution
		SolutionGuid = {D0C21511-4FAE-46CA-81ED-11FCF36F7EEC}
	EndGlobalSection
EndGlobal
